// !$*UTF8*$!
{
	archiveVersion = 1;
	classes = {
	};
	objectVersion = 77;
	objects = {

/* Begin PBXBuildFile section */
		A97296DA2CDD6A8D008179B4 /* info.plist in Resources */ = {isa = PBXBuildFile; fileRef = A97296D92CDD6A8D008179B4 /* info.plist */; };
/* End PBXBuildFile section */

/* Begin PBXContainerItemProxy section */
		A955B1102CD31158005296D6 /* PBXContainerItemProxy */ = {
			isa = PBXContainerItemProxy;
			containerPortal = A955B0F72CD31154005296D6 /* Project object */;
			proxyType = 1;
			remoteGlobalIDString = A955B0FE2CD31154005296D6;
			remoteInfo = Triton;
		};
		A955B11A2CD31158005296D6 /* PBXContainerItemProxy */ = {
			isa = PBXContainerItemProxy;
			containerPortal = A955B0F72CD31154005296D6 /* Project object */;
			proxyType = 1;
			remoteGlobalIDString = A955B0FE2CD31154005296D6;
			remoteInfo = Triton;
		};
/* End PBXContainerItemProxy section */

/* Begin PBXFileReference section */
		A955B0FF2CD31154005296D6 /* Triton.app */ = {isa = PBXFileReference; explicitFileType = wrapper.application; includeInIndex = 0; path = Triton.app; sourceTree = BUILT_PRODUCTS_DIR; };
		A955B10F2CD31158005296D6 /* TritonTests.xctest */ = {isa = PBXFileReference; explicitFileType = wrapper.cfbundle; includeInIndex = 0; path = TritonTests.xctest; sourceTree = BUILT_PRODUCTS_DIR; };
		A955B1192CD31158005296D6 /* TritonUITests.xctest */ = {isa = PBXFileReference; explicitFileType = wrapper.cfbundle; includeInIndex = 0; path = TritonUITests.xctest; sourceTree = BUILT_PRODUCTS_DIR; };
		A97296D92CDD6A8D008179B4 /* info.plist */ = {isa = PBXFileReference; lastKnownFileType = text.plist.xml; path = info.plist; sourceTree = "<group>"; };
/* End PBXFileReference section */

/* Begin PBXFileSystemSynchronizedRootGroup section */
		A955B1012CD31154005296D6 /* Triton */ = {
			isa = PBXFileSystemSynchronizedRootGroup;
			path = Triton;
			sourceTree = "<group>";
		};
		A955B1122CD31158005296D6 /* TritonTests */ = {
			isa = PBXFileSystemSynchronizedRootGroup;
			path = TritonTests;
			sourceTree = "<group>";
		};
		A955B11C2CD31158005296D6 /* TritonUITests */ = {
			isa = PBXFileSystemSynchronizedRootGroup;
			path = TritonUITests;
			sourceTree = "<group>";
		};
/* End PBXFileSystemSynchronizedRootGroup section */

/* Begin PBXFrameworksBuildPhase section */
		A955B0FC2CD31154005296D6 /* Frameworks */ = {
			isa = PBXFrameworksBuildPhase;
			buildActionMask = 2147483647;
			files = (
			);
			runOnlyForDeploymentPostprocessing = 0;
		};
		A955B10C2CD31158005296D6 /* Frameworks */ = {
			isa = PBXFrameworksBuildPhase;
			buildActionMask = 2147483647;
			files = (
			);
			runOnlyForDeploymentPostprocessing = 0;
		};
		A955B1162CD31158005296D6 /* Frameworks */ = {
			isa = PBXFrameworksBuildPhase;
			buildActionMask = 2147483647;
			files = (
			);
			runOnlyForDeploymentPostprocessing = 0;
		};
/* End PBXFrameworksBuildPhase section */

/* Begin PBXGroup section */
		A955B0F62CD31154005296D6 = {
			isa = PBXGroup;
			children = (
				A97296D92CDD6A8D008179B4 /* info.plist */,
				A955B1012CD31154005296D6 /* Triton */,
				A955B1122CD31158005296D6 /* TritonTests */,
				A955B11C2CD31158005296D6 /* TritonUITests */,
				A955B1002CD31154005296D6 /* Products */,
			);
			sourceTree = "<group>";
		};
		A955B1002CD31154005296D6 /* Products */ = {
			isa = PBXGroup;
			children = (
				A955B0FF2CD31154005296D6 /* Triton.app */,
				A955B10F2CD31158005296D6 /* TritonTests.xctest */,
				A955B1192CD31158005296D6 /* TritonUITests.xctest */,
			);
			name = Products;
			sourceTree = "<group>";
		};
/* End PBXGroup section */

/* Begin PBXNativeTarget section */
		A955B0FE2CD31154005296D6 /* Triton */ = {
			isa = PBXNativeTarget;
			buildConfigurationList = A955B1232CD31158005296D6 /* Build configuration list for PBXNativeTarget "Triton" */;
			buildPhases = (
				A955B0FB2CD31154005296D6 /* Sources */,
				A955B0FC2CD31154005296D6 /* Frameworks */,
				A955B0FD2CD31154005296D6 /* Resources */,
			);
			buildRules = (
			);
			dependencies = (
			);
			fileSystemSynchronizedGroups = (
				A955B1012CD31154005296D6 /* Triton */,
			);
			name = Triton;
			packageProductDependencies = (
			);
			productName = Triton;
			productReference = A955B0FF2CD31154005296D6 /* Triton.app */;
			productType = "com.apple.product-type.application";
		};
		A955B10E2CD31158005296D6 /* TritonTests */ = {
			isa = PBXNativeTarget;
			buildConfigurationList = A955B1262CD31158005296D6 /* Build configuration list for PBXNativeTarget "TritonTests" */;
			buildPhases = (
				A955B10B2CD31158005296D6 /* Sources */,
				A955B10C2CD31158005296D6 /* Frameworks */,
				A955B10D2CD31158005296D6 /* Resources */,
			);
			buildRules = (
			);
			dependencies = (
				A955B1112CD31158005296D6 /* PBXTargetDependency */,
			);
			fileSystemSynchronizedGroups = (
				A955B1122CD31158005296D6 /* TritonTests */,
			);
			name = TritonTests;
			packageProductDependencies = (
			);
			productName = TritonTests;
			productReference = A955B10F2CD31158005296D6 /* TritonTests.xctest */;
			productType = "com.apple.product-type.bundle.unit-test";
		};
		A955B1182CD31158005296D6 /* TritonUITests */ = {
			isa = PBXNativeTarget;
			buildConfigurationList = A955B1292CD31158005296D6 /* Build configuration list for PBXNativeTarget "TritonUITests" */;
			buildPhases = (
				A955B1152CD31158005296D6 /* Sources */,
				A955B1162CD31158005296D6 /* Frameworks */,
				A955B1172CD31158005296D6 /* Resources */,
			);
			buildRules = (
			);
			dependencies = (
				A955B11B2CD31158005296D6 /* PBXTargetDependency */,
			);
			fileSystemSynchronizedGroups = (
				A955B11C2CD31158005296D6 /* TritonUITests */,
			);
			name = TritonUITests;
			packageProductDependencies = (
			);
			productName = TritonUITests;
			productReference = A955B1192CD31158005296D6 /* TritonUITests.xctest */;
			productType = "com.apple.product-type.bundle.ui-testing";
		};
/* End PBXNativeTarget section */

/* Begin PBXProject section */
		A955B0F72CD31154005296D6 /* Project object */ = {
			isa = PBXProject;
			attributes = {
				BuildIndependentTargetsInParallel = 1;
				LastSwiftUpdateCheck = 1610;
				LastUpgradeCheck = 1610;
				TargetAttributes = {
					A955B0FE2CD31154005296D6 = {
						CreatedOnToolsVersion = 16.1;
					};
					A955B10E2CD31158005296D6 = {
						CreatedOnToolsVersion = 16.1;
						TestTargetID = A955B0FE2CD31154005296D6;
					};
					A955B1182CD31158005296D6 = {
						CreatedOnToolsVersion = 16.1;
						TestTargetID = A955B0FE2CD31154005296D6;
					};
				};
			};
			buildConfigurationList = A955B0FA2CD31154005296D6 /* Build configuration list for PBXProject "Triton" */;
			developmentRegion = en;
			hasScannedForEncodings = 0;
			knownRegions = (
				en,
				Base,
			);
			mainGroup = A955B0F62CD31154005296D6;
			minimizedProjectReferenceProxies = 1;
			preferredProjectObjectVersion = 77;
			productRefGroup = A955B1002CD31154005296D6 /* Products */;
			projectDirPath = "";
			projectRoot = "";
			targets = (
				A955B0FE2CD31154005296D6 /* Triton */,
				A955B10E2CD31158005296D6 /* TritonTests */,
				A955B1182CD31158005296D6 /* TritonUITests */,
			);
		};
/* End PBXProject section */

/* Begin PBXResourcesBuildPhase section */
		A955B0FD2CD31154005296D6 /* Resources */ = {
			isa = PBXResourcesBuildPhase;
			buildActionMask = 2147483647;
			files = (
				A97296DA2CDD6A8D008179B4 /* info.plist in Resources */,
			);
			runOnlyForDeploymentPostprocessing = 0;
		};
		A955B10D2CD31158005296D6 /* Resources */ = {
			isa = PBXResourcesBuildPhase;
			buildActionMask = 2147483647;
			files = (
			);
			runOnlyForDeploymentPostprocessing = 0;
		};
		A955B1172CD31158005296D6 /* Resources */ = {
			isa = PBXResourcesBuildPhase;
			buildActionMask = 2147483647;
			files = (
			);
			runOnlyForDeploymentPostprocessing = 0;
		};
/* End PBXResourcesBuildPhase section */

/* Begin PBXSourcesBuildPhase section */
		A955B0FB2CD31154005296D6 /* Sources */ = {
			isa = PBXSourcesBuildPhase;
			buildActionMask = 2147483647;
			files = (
			);
			runOnlyForDeploymentPostprocessing = 0;
		};
		A955B10B2CD31158005296D6 /* Sources */ = {
			isa = PBXSourcesBuildPhase;
			buildActionMask = 2147483647;
			files = (
			);
			runOnlyForDeploymentPostprocessing = 0;
		};
		A955B1152CD31158005296D6 /* Sources */ = {
			isa = PBXSourcesBuildPhase;
			buildActionMask = 2147483647;
			files = (
			);
			runOnlyForDeploymentPostprocessing = 0;
		};
/* End PBXSourcesBuildPhase section */

/* Begin PBXTargetDependency section */
		A955B1112CD31158005296D6 /* PBXTargetDependency */ = {
			isa = PBXTargetDependency;
			target = A955B0FE2CD31154005296D6 /* Triton */;
			targetProxy = A955B1102CD31158005296D6 /* PBXContainerItemProxy */;
		};
		A955B11B2CD31158005296D6 /* PBXTargetDependency */ = {
			isa = PBXTargetDependency;
			target = A955B0FE2CD31154005296D6 /* Triton */;
			targetProxy = A955B11A2CD31158005296D6 /* PBXContainerItemProxy */;
		};
/* End PBXTargetDependency section */

/* Begin XCBuildConfiguration section */
		A955B1212CD31158005296D6 /* Debug */ = {
			isa = XCBuildConfiguration;
			buildSettings = {
				ALWAYS_SEARCH_USER_PATHS = NO;
				ASSETCATALOG_COMPILER_GENERATE_SWIFT_ASSET_SYMBOL_EXTENSIONS = YES;
				CLANG_ANALYZER_NONNULL = YES;
				CLANG_ANALYZER_NUMBER_OBJECT_CONVERSION = YES_AGGRESSIVE;
				CLANG_CXX_LANGUAGE_STANDARD = "gnu++20";
				CLANG_ENABLE_MODULES = YES;
				CLANG_ENABLE_OBJC_ARC = YES;
				CLANG_ENABLE_OBJC_WEAK = YES;
				CLANG_WARN_BLOCK_CAPTURE_AUTORELEASING = YES;
				CLANG_WARN_BOOL_CONVERSION = YES;
				CLANG_WARN_COMMA = YES;
				CLANG_WARN_CONSTANT_CONVERSION = YES;
				CLANG_WARN_DEPRECATED_OBJC_IMPLEMENTATIONS = YES;
				CLANG_WARN_DIRECT_OBJC_ISA_USAGE = YES_ERROR;
				CLANG_WARN_DOCUMENTATION_COMMENTS = YES;
				CLANG_WARN_EMPTY_BODY = YES;
				CLANG_WARN_ENUM_CONVERSION = YES;
				CLANG_WARN_INFINITE_RECURSION = YES;
				CLANG_WARN_INT_CONVERSION = YES;
				CLANG_WARN_NON_LITERAL_NULL_CONVERSION = YES;
				CLANG_WARN_OBJC_IMPLICIT_RETAIN_SELF = YES;
				CLANG_WARN_OBJC_LITERAL_CONVERSION = YES;
				CLANG_WARN_OBJC_ROOT_CLASS = YES_ERROR;
				CLANG_WARN_QUOTED_INCLUDE_IN_FRAMEWORK_HEADER = YES;
				CLANG_WARN_RANGE_LOOP_ANALYSIS = YES;
				CLANG_WARN_STRICT_PROTOTYPES = YES;
				CLANG_WARN_SUSPICIOUS_MOVE = YES;
				CLANG_WARN_UNGUARDED_AVAILABILITY = YES_AGGRESSIVE;
				CLANG_WARN_UNREACHABLE_CODE = YES;
				CLANG_WARN__DUPLICATE_METHOD_MATCH = YES;
				COPY_PHASE_STRIP = NO;
				DEBUG_INFORMATION_FORMAT = dwarf;
				ENABLE_STRICT_OBJC_MSGSEND = YES;
				ENABLE_TESTABILITY = YES;
				ENABLE_USER_SCRIPT_SANDBOXING = YES;
				GCC_C_LANGUAGE_STANDARD = gnu17;
				GCC_DYNAMIC_NO_PIC = NO;
				GCC_NO_COMMON_BLOCKS = YES;
				GCC_OPTIMIZATION_LEVEL = 0;
				GCC_PREPROCESSOR_DEFINITIONS = (
					"DEBUG=1",
					"$(inherited)",
				);
				GCC_WARN_64_TO_32_BIT_CONVERSION = YES;
				GCC_WARN_ABOUT_RETURN_TYPE = YES_ERROR;
				GCC_WARN_UNDECLARED_SELECTOR = YES;
				GCC_WARN_UNINITIALIZED_AUTOS = YES_AGGRESSIVE;
				GCC_WARN_UNUSED_FUNCTION = YES;
				GCC_WARN_UNUSED_VARIABLE = YES;
				IPHONEOS_DEPLOYMENT_TARGET = 18.1;
				LOCALIZATION_PREFERS_STRING_CATALOGS = YES;
				MTL_ENABLE_DEBUG_INFO = INCLUDE_SOURCE;
				MTL_FAST_MATH = YES;
				ONLY_ACTIVE_ARCH = YES;
				SDKROOT = iphoneos;
				SWIFT_ACTIVE_COMPILATION_CONDITIONS = "DEBUG $(inherited)";
				SWIFT_OPTIMIZATION_LEVEL = "-Onone";
			};
			name = Debug;
		};
		A955B1222CD31158005296D6 /* Release */ = {
			isa = XCBuildConfiguration;
			buildSettings = {
				ALWAYS_SEARCH_USER_PATHS = NO;
				ASSETCATALOG_COMPILER_GENERATE_SWIFT_ASSET_SYMBOL_EXTENSIONS = YES;
				CLANG_ANALYZER_NONNULL = YES;
				CLANG_ANALYZER_NUMBER_OBJECT_CONVERSION = YES_AGGRESSIVE;
				CLANG_CXX_LANGUAGE_STANDARD = "gnu++20";
				CLANG_ENABLE_MODULES = YES;
				CLANG_ENABLE_OBJC_ARC = YES;
				CLANG_ENABLE_OBJC_WEAK = YES;
				CLANG_WARN_BLOCK_CAPTURE_AUTORELEASING = YES;
				CLANG_WARN_BOOL_CONVERSION = YES;
				CLANG_WARN_COMMA = YES;
				CLANG_WARN_CONSTANT_CONVERSION = YES;
				CLANG_WARN_DEPRECATED_OBJC_IMPLEMENTATIONS = YES;
				CLANG_WARN_DIRECT_OBJC_ISA_USAGE = YES_ERROR;
				CLANG_WARN_DOCUMENTATION_COMMENTS = YES;
				CLANG_WARN_EMPTY_BODY = YES;
				CLANG_WARN_ENUM_CONVERSION = YES;
				CLANG_WARN_INFINITE_RECURSION = YES;
				CLANG_WARN_INT_CONVERSION = YES;
				CLANG_WARN_NON_LITERAL_NULL_CONVERSION = YES;
				CLANG_WARN_OBJC_IMPLICIT_RETAIN_SELF = YES;
				CLANG_WARN_OBJC_LITERAL_CONVERSION = YES;
				CLANG_WARN_OBJC_ROOT_CLASS = YES_ERROR;
				CLANG_WARN_QUOTED_INCLUDE_IN_FRAMEWORK_HEADER = YES;
				CLANG_WARN_RANGE_LOOP_ANALYSIS = YES;
				CLANG_WARN_STRICT_PROTOTYPES = YES;
				CLANG_WARN_SUSPICIOUS_MOVE = YES;
				CLANG_WARN_UNGUARDED_AVAILABILITY = YES_AGGRESSIVE;
				CLANG_WARN_UNREACHABLE_CODE = YES;
				CLANG_WARN__DUPLICATE_METHOD_MATCH = YES;
				COPY_PHASE_STRIP = NO;
				DEBUG_INFORMATION_FORMAT = "dwarf-with-dsym";
				ENABLE_NS_ASSERTIONS = NO;
				ENABLE_STRICT_OBJC_MSGSEND = YES;
				ENABLE_USER_SCRIPT_SANDBOXING = YES;
				GCC_C_LANGUAGE_STANDARD = gnu17;
				GCC_NO_COMMON_BLOCKS = YES;
				GCC_WARN_64_TO_32_BIT_CONVERSION = YES;
				GCC_WARN_ABOUT_RETURN_TYPE = YES_ERROR;
				GCC_WARN_UNDECLARED_SELECTOR = YES;
				GCC_WARN_UNINITIALIZED_AUTOS = YES_AGGRESSIVE;
				GCC_WARN_UNUSED_FUNCTION = YES;
				GCC_WARN_UNUSED_VARIABLE = YES;
				IPHONEOS_DEPLOYMENT_TARGET = 18.1;
				LOCALIZATION_PREFERS_STRING_CATALOGS = YES;
				MTL_ENABLE_DEBUG_INFO = NO;
				MTL_FAST_MATH = YES;
				SDKROOT = iphoneos;
				SWIFT_COMPILATION_MODE = wholemodule;
				VALIDATE_PRODUCT = YES;
			};
			name = Release;
		};
		A955B1242CD31158005296D6 /* Debug */ = {
			isa = XCBuildConfiguration;
			buildSettings = {
				ASSETCATALOG_COMPILER_APPICON_NAME = AppIcon;
				ASSETCATALOG_COMPILER_GLOBAL_ACCENT_COLOR_NAME = AccentColor;
				CODE_SIGN_STYLE = Automatic;
				CURRENT_PROJECT_VERSION = 1;
				DEVELOPMENT_ASSET_PATHS = "\"Triton/Preview Content\"";
				DEVELOPMENT_TEAM = QUKYBXQ3JB;
				ENABLE_PREVIEWS = YES;
				GENERATE_INFOPLIST_FILE = YES;
				INFOPLIST_KEY_UIApplicationSceneManifest_Generation = YES;
				INFOPLIST_KEY_UIApplicationSupportsIndirectInputEvents = YES;
				INFOPLIST_KEY_UILaunchScreen_Generation = YES;
				INFOPLIST_KEY_UISupportedInterfaceOrientations_iPad = "UIInterfaceOrientationPortrait UIInterfaceOrientationPortraitUpsideDown UIInterfaceOrientationLandscapeLeft UIInterfaceOrientationLandscapeRight";
				INFOPLIST_KEY_UISupportedInterfaceOrientations_iPhone = "UIInterfaceOrientationPortrait UIInterfaceOrientationLandscapeLeft UIInterfaceOrientationLandscapeRight";
				IPHONEOS_DEPLOYMENT_TARGET = 17.6;
				LD_RUNPATH_SEARCH_PATHS = (
					"$(inherited)",
					"@executable_path/Frameworks",
				);
				MARKETING_VERSION = 1.0;
				PRODUCT_BUNDLE_IDENTIFIER = SeniorDesign.Triton;
				PRODUCT_NAME = "$(TARGET_NAME)";
				SWIFT_EMIT_LOC_STRINGS = YES;
				SWIFT_VERSION = 5.0;
				TARGETED_DEVICE_FAMILY = "1,2";
			};
			name = Debug;
		};
		A955B1252CD31158005296D6 /* Release */ = {
			isa = XCBuildConfiguration;
			buildSettings = {
				ASSETCATALOG_COMPILER_APPICON_NAME = AppIcon;
				ASSETCATALOG_COMPILER_GLOBAL_ACCENT_COLOR_NAME = AccentColor;
				CODE_SIGN_STYLE = Automatic;
				CURRENT_PROJECT_VERSION = 1;
				DEVELOPMENT_ASSET_PATHS = "\"Triton/Preview Content\"";
				DEVELOPMENT_TEAM = QUKYBXQ3JB;
				ENABLE_PREVIEWS = YES;
				GENERATE_INFOPLIST_FILE = YES;
				INFOPLIST_KEY_UIApplicationSceneManifest_Generation = YES;
				INFOPLIST_KEY_UIApplicationSupportsIndirectInputEvents = YES;
				INFOPLIST_KEY_UILaunchScreen_Generation = YES;
				INFOPLIST_KEY_UISupportedInterfaceOrientations_iPad = "UIInterfaceOrientationPortrait UIInterfaceOrientationPortraitUpsideDown UIInterfaceOrientationLandscapeLeft UIInterfaceOrientationLandscapeRight";
				INFOPLIST_KEY_UISupportedInterfaceOrientations_iPhone = "UIInterfaceOrientationPortrait UIInterfaceOrientationLandscapeLeft UIInterfaceOrientationLandscapeRight";
				IPHONEOS_DEPLOYMENT_TARGET = 17.6;
				LD_RUNPATH_SEARCH_PATHS = (
					"$(inherited)",
					"@executable_path/Frameworks",
				);
				MARKETING_VERSION = 1.0;
				PRODUCT_BUNDLE_IDENTIFIER = SeniorDesign.Triton;
				PRODUCT_NAME = "$(TARGET_NAME)";
				SWIFT_EMIT_LOC_STRINGS = YES;
				SWIFT_VERSION = 5.0;
				TARGETED_DEVICE_FAMILY = "1,2";
			};
			name = Release;
		};
		A955B1272CD31158005296D6 /* Debug */ = {
			isa = XCBuildConfiguration;
			buildSettings = {
				BUNDLE_LOADER = "$(TEST_HOST)";
				CODE_SIGN_STYLE = Automatic;
				CURRENT_PROJECT_VERSION = 1;
				GENERATE_INFOPLIST_FILE = YES;
				IPHONEOS_DEPLOYMENT_TARGET = 18.1;
				MARKETING_VERSION = 1.0;
				PRODUCT_BUNDLE_IDENTIFIER = SeniorDesign.TritonTests;
				PRODUCT_NAME = "$(TARGET_NAME)";
				SWIFT_EMIT_LOC_STRINGS = NO;
				SWIFT_VERSION = 5.0;
				TARGETED_DEVICE_FAMILY = "1,2";
				TEST_HOST = "$(BUILT_PRODUCTS_DIR)/Triton.app/$(BUNDLE_EXECUTABLE_FOLDER_PATH)/Triton";
			};
			name = Debug;
		};
		A955B1282CD31158005296D6 /* Release */ = {
			isa = XCBuildConfiguration;
			buildSettings = {
				BUNDLE_LOADER = "$(TEST_HOST)";
				CODE_SIGN_STYLE = Automatic;
				CURRENT_PROJECT_VERSION = 1;
				GENERATE_INFOPLIST_FILE = YES;
				IPHONEOS_DEPLOYMENT_TARGET = 18.1;
				MARKETING_VERSION = 1.0;
				PRODUCT_BUNDLE_IDENTIFIER = SeniorDesign.TritonTests;
				PRODUCT_NAME = "$(TARGET_NAME)";
				SWIFT_EMIT_LOC_STRINGS = NO;
				SWIFT_VERSION = 5.0;
				TARGETED_DEVICE_FAMILY = "1,2";
				TEST_HOST = "$(BUILT_PRODUCTS_DIR)/Triton.app/$(BUNDLE_EXECUTABLE_FOLDER_PATH)/Triton";
			};
			name = Release;
		};
		A955B12A2CD31158005296D6 /* Debug */ = {
			isa = XCBuildConfiguration;
			buildSettings = {
				CODE_SIGN_STYLE = Automatic;
				CURRENT_PROJECT_VERSION = 1;
				GENERATE_INFOPLIST_FILE = YES;
				MARKETING_VERSION = 1.0;
				PRODUCT_BUNDLE_IDENTIFIER = SeniorDesign.TritonUITests;
				PRODUCT_NAME = "$(TARGET_NAME)";
				SWIFT_EMIT_LOC_STRINGS = NO;
				SWIFT_VERSION = 5.0;
				TARGETED_DEVICE_FAMILY = "1,2";
				TEST_TARGET_NAME = Triton;
			};
			name = Debug;
		};
		A955B12B2CD31158005296D6 /* Release */ = {
			isa = XCBuildConfiguration;
			buildSettings = {
				CODE_SIGN_STYLE = Automatic;
				CURRENT_PROJECT_VERSION = 1;
				GENERATE_INFOPLIST_FILE = YES;
				MARKETING_VERSION = 1.0;
				PRODUCT_BUNDLE_IDENTIFIER = SeniorDesign.TritonUITests;
				PRODUCT_NAME = "$(TARGET_NAME)";
				SWIFT_EMIT_LOC_STRINGS = NO;
				SWIFT_VERSION = 5.0;
				TARGETED_DEVICE_FAMILY = "1,2";
				TEST_TARGET_NAME = Triton;
			};
			name = Release;
		};
/* End XCBuildConfiguration section */

/* Begin XCConfigurationList section */
		A955B0FA2CD31154005296D6 /* Build configuration list for PBXProject "Triton" */ = {
			isa = XCConfigurationList;
			buildConfigurations = (
				A955B1212CD31158005296D6 /* Debug */,
				A955B1222CD31158005296D6 /* Release */,
			);
			defaultConfigurationIsVisible = 0;
			defaultConfigurationName = Release;
		};
		A955B1232CD31158005296D6 /* Build configuration list for PBXNativeTarget "Triton" */ = {
			isa = XCConfigurationList;
			buildConfigurations = (
				A955B1242CD31158005296D6 /* Debug */,
				A955B1252CD31158005296D6 /* Release */,
			);
			defaultConfigurationIsVisible = 0;
			defaultConfigurationName = Release;
		};
		A955B1262CD31158005296D6 /* Build configuration list for PBXNativeTarget "TritonTests" */ = {
			isa = XCConfigurationList;
			buildConfigurations = (
				A955B1272CD31158005296D6 /* Debug */,
				A955B1282CD31158005296D6 /* Release */,
			);
			defaultConfigurationIsVisible = 0;
			defaultConfigurationName = Release;
		};
		A955B1292CD31158005296D6 /* Build configuration list for PBXNativeTarget "TritonUITests" */ = {
			isa = XCConfigurationList;
			buildConfigurations = (
				A955B12A2CD31158005296D6 /* Debug */,
				A955B12B2CD31158005296D6 /* Release */,
			);
			defaultConfigurationIsVisible = 0;
			defaultConfigurationName = Release;
		};
/* End XCConfigurationList section */
	};
	rootObject = A955B0F72CD31154005296D6 /* Project object */;
}
